
Microsoft Visual Studio Solution File, Format Version 12.00
# Visual Studio Version 17
VisualStudioVersion = 17.7.34221.43
MinimumVisualStudioVersion = 10.0.40219.1
Project("{FAE04EC0-301F-11D3-BF4B-00C04F79EFBC}") = "TO_DO_List", "TO_DO_List.csproj", "{ECB3AE35-CA51-4B27-91C3-E612A86F7D95}"
EndProject
Global
	GlobalSection(SolutionConfigurationPlatforms) = preSolution
		Debug|Any CPU = Debug|Any CPU
		Release|Any CPU = Release|Any CPU
	EndGlobalSection
	GlobalSection(ProjectConfigurationPlatforms) = postSolution
		{ECB3AE35-CA51-4B27-91C3-E612A86F7D95}.Debug|Any CPU.ActiveCfg = Debug|Any CPU
		{ECB3AE35-CA51-4B27-91C3-E612A86F7D95}.Debug|Any CPU.Build.0 = Debug|Any CPU
		{ECB3AE35-CA51-4B27-91C3-E612A86F7D95}.Release|Any CPU.ActiveCfg = Release|Any CPU
		{ECB3AE35-CA51-4B27-91C3-E612A86F7D95}.Release|Any CPU.Build.0 = Release|Any CPU
	EndGlobalSection
	GlobalSection(SolutionProperties) = preSolution
		HideSolutionNode = FALSE
	EndGlobalSection
	GlobalSection(ExtensibilityGlobals) = postSolution
		SolutionGuid = {4B013EE4-E9F4-4E9A-B57E-16FD6113E966}
	EndGlobalSection
EndGlobal
